
Microsoft Visual Studio Solution File, Format Version 12.00
# Visual Studio Version 16
VisualStudioVersion = 16.0.31613.86
MinimumVisualStudioVersion = 10.0.40219.1
Project("{9A19103F-16F7-4668-BE54-9A1E7A4F7556}") = "Life365-download", "Life365-download.csproj", "{6881112B-C468-41C6-8C9A-ED4F783C873D}"
EndProject
Global
	GlobalSection(SolutionConfigurationPlatforms) = preSolution
		Debug|Any CPU = Debug|Any CPU
		Release|Any CPU = Release|Any CPU
	EndGlobalSection
	GlobalSection(ProjectConfigurationPlatforms) = postSolution
		{6881112B-C468-41C6-8C9A-ED4F783C873D}.Debug|Any CPU.ActiveCfg = Debug|Any CPU
		{6881112B-C468-41C6-8C9A-ED4F783C873D}.Debug|Any CPU.Build.0 = Debug|Any CPU
		{6881112B-C468-41C6-8C9A-ED4F783C873D}.Release|Any CPU.ActiveCfg = Release|Any CPU
		{6881112B-C468-41C6-8C9A-ED4F783C873D}.Release|Any CPU.Build.0 = Release|Any CPU
	EndGlobalSection
	GlobalSection(SolutionProperties) = preSolution
		HideSolutionNode = FALSE
	EndGlobalSection
	GlobalSection(ExtensibilityGlobals) = postSolution
		SolutionGuid = {23B868C2-2137-403E-A4F5-38F3468662B4}
	EndGlobalSection
EndGlobal
